{
  "name": "date-interval-samples",
  "version": "1.0.0",
  "lockfileVersion": 1,
  "requires": true,
  "dependencies": {
    "@types/node": {
      "version": "18.7.16",
      "resolved": "https://registry.npmjs.org/@types/node/-/node-18.7.16.tgz",
      "integrity": "sha512-EQHhixfu+mkqHMZl1R2Ovuvn47PUw18azMJOTwSZr9/fhzHNGXAJ0ma0dayRVchprpCj0Kc1K1xKoWaATWF1qg=="
    },
    "js-joda": {
      "version": "1.11.0",
      "resolved": "https://registry.npmjs.org/js-joda/-/js-joda-1.11.0.tgz",
      "integrity": "sha512-/HJpRhwP2fPyuSsCaZuoVJuaSIt8tUXykV4wOMRXrFk7RP9h9VWaFdS9YHKdMepxb/3TdXpL6IhfC9L0sqYVBw=="
    },
    "typescript": {
      "version": "4.8.2",
      "resolved": "https://registry.npmjs.org/typescript/-/typescript-4.8.2.tgz",
      "integrity": "sha512-C0I1UsrrDHo2fYI5oaCGbSejwX4ch+9Y5jTQELvovfmFkK3HHSZJB8MSJcWLmCUBzQBchCrZ9rMRV6GuNrvGtw==",
      "dev": true
    }
  }
}
